// !$*UTF8*$!
{
	archiveVersion = 1;
	classes = {
	};
	objectVersion = 56;
	objects = {

/* Begin PBXBuildFile section */
		591A086E2BC0032C009B1741 /* MediaModel.swift in Sources */ = {isa = PBXBuildFile; fileRef = 591A086D2BC0032C009B1741 /* MediaModel.swift */; };
		5934770E2BC05BBF004BE3AF /* NetworkClient.swift in Sources */ = {isa = PBXBuildFile; fileRef = 5934770D2BC05BBF004BE3AF /* NetworkClient.swift */; };
		593477102BC05BF1004BE3AF /* NetworkRequest.swift in Sources */ = {isa = PBXBuildFile; fileRef = 5934770F2BC05BF1004BE3AF /* NetworkRequest.swift */; };
		593477132BC08644004BE3AF /* Const.swift in Sources */ = {isa = PBXBuildFile; fileRef = 593477122BC08644004BE3AF /* Const.swift */; };
		5949D0AA2BC1AE9A00A860C8 /* NetworkClientError.swift in Sources */ = {isa = PBXBuildFile; fileRef = 5949D0A92BC1AE9A00A860C8 /* NetworkClientError.swift */; };
		5976B1AD2BBF546100DB8CBA /* AppDelegate.swift in Sources */ = {isa = PBXBuildFile; fileRef = 5976B1AC2BBF546100DB8CBA /* AppDelegate.swift */; };
		5976B1B62BBF546200DB8CBA /* Assets.xcassets in Resources */ = {isa = PBXBuildFile; fileRef = 5976B1B52BBF546200DB8CBA /* Assets.xcassets */; };
/* End PBXBuildFile section */

/* Begin PBXFileReference section */
		591A086D2BC0032C009B1741 /* MediaModel.swift */ = {isa = PBXFileReference; lastKnownFileType = sourcecode.swift; path = MediaModel.swift; sourceTree = "<group>"; };
		5934770D2BC05BBF004BE3AF /* NetworkClient.swift */ = {isa = PBXFileReference; lastKnownFileType = sourcecode.swift; path = NetworkClient.swift; sourceTree = "<group>"; };
		5934770F2BC05BF1004BE3AF /* NetworkRequest.swift */ = {isa = PBXFileReference; lastKnownFileType = sourcecode.swift; path = NetworkRequest.swift; sourceTree = "<group>"; };
		593477122BC08644004BE3AF /* Const.swift */ = {isa = PBXFileReference; lastKnownFileType = sourcecode.swift; path = Const.swift; sourceTree = "<group>"; };
		5949D0A92BC1AE9A00A860C8 /* NetworkClientError.swift */ = {isa = PBXFileReference; lastKnownFileType = sourcecode.swift; path = NetworkClientError.swift; sourceTree = "<group>"; };
		5976B1A92BBF546100DB8CBA /* MediaFinder.app */ = {isa = PBXFileReference; explicitFileType = wrapper.application; includeInIndex = 0; path = MediaFinder.app; sourceTree = BUILT_PRODUCTS_DIR; };
		5976B1AC2BBF546100DB8CBA /* AppDelegate.swift */ = {isa = PBXFileReference; lastKnownFileType = sourcecode.swift; path = AppDelegate.swift; sourceTree = "<group>"; };
		5976B1B52BBF546200DB8CBA /* Assets.xcassets */ = {isa = PBXFileReference; lastKnownFileType = folder.assetcatalog; path = Assets.xcassets; sourceTree = "<group>"; };
		5976B1BA2BBF546200DB8CBA /* Info.plist */ = {isa = PBXFileReference; lastKnownFileType = text.plist.xml; path = Info.plist; sourceTree = "<group>"; };
/* End PBXFileReference section */

/* Begin PBXFrameworksBuildPhase section */
		5976B1A62BBF546100DB8CBA /* Frameworks */ = {
			isa = PBXFrameworksBuildPhase;
			buildActionMask = 2147483647;
			files = (
			);
			runOnlyForDeploymentPostprocessing = 0;
		};
/* End PBXFrameworksBuildPhase section */

/* Begin PBXGroup section */
		591A086C2BC00314009B1741 /* Model */ = {
			isa = PBXGroup;
			children = (
				591A086D2BC0032C009B1741 /* MediaModel.swift */,
			);
			path = Model;
			sourceTree = "<group>";
		};
		5934770C2BC05BB1004BE3AF /* NetworkClient */ = {
			isa = PBXGroup;
			children = (
				5934770D2BC05BBF004BE3AF /* NetworkClient.swift */,
				5934770F2BC05BF1004BE3AF /* NetworkRequest.swift */,
				5949D0A92BC1AE9A00A860C8 /* NetworkClientError.swift */,
			);
			path = NetworkClient;
			sourceTree = "<group>";
		};
		593477112BC08636004BE3AF /* Helpers */ = {
			isa = PBXGroup;
			children = (
				593477122BC08644004BE3AF /* Const.swift */,
			);
			path = Helpers;
			sourceTree = "<group>";
		};
		593477152BC086F9004BE3AF /* SearchScreen */ = {
			isa = PBXGroup;
			children = (
				591A086C2BC00314009B1741 /* Model */,
			);
			path = SearchScreen;
			sourceTree = "<group>";
		};
		5976B1A02BBF546100DB8CBA = {
			isa = PBXGroup;
			children = (
				5976B1AB2BBF546100DB8CBA /* MediaFinder */,
				5976B1AA2BBF546100DB8CBA /* Products */,
			);
			sourceTree = "<group>";
		};
		5976B1AA2BBF546100DB8CBA /* Products */ = {
			isa = PBXGroup;
			children = (
				5976B1A92BBF546100DB8CBA /* MediaFinder.app */,
			);
			name = Products;
			sourceTree = "<group>";
		};
		5976B1AB2BBF546100DB8CBA /* MediaFinder */ = {
			isa = PBXGroup;
			children = (
				5976B1AC2BBF546100DB8CBA /* AppDelegate.swift */,
				593477152BC086F9004BE3AF /* SearchScreen */,
				5934770C2BC05BB1004BE3AF /* NetworkClient */,
				593477112BC08636004BE3AF /* Helpers */,
				5976B1B52BBF546200DB8CBA /* Assets.xcassets */,
				5976B1BA2BBF546200DB8CBA /* Info.plist */,
			);
			path = MediaFinder;
			sourceTree = "<group>";
		};
/* End PBXGroup section */

/* Begin PBXNativeTarget section */
		5976B1A82BBF546100DB8CBA /* MediaFinder */ = {
			isa = PBXNativeTarget;
			buildConfigurationList = 5976B1BD2BBF546200DB8CBA /* Build configuration list for PBXNativeTarget "MediaFinder" */;
			buildPhases = (
				5976B1A52BBF546100DB8CBA /* Sources */,
				5976B1A62BBF546100DB8CBA /* Frameworks */,
				5976B1A72BBF546100DB8CBA /* Resources */,
			);
			buildRules = (
			);
			dependencies = (
			);
			name = MediaFinder;
			productName = MediaFinder;
			productReference = 5976B1A92BBF546100DB8CBA /* MediaFinder.app */;
			productType = "com.apple.product-type.application";
		};
/* End PBXNativeTarget section */

/* Begin PBXProject section */
		5976B1A12BBF546100DB8CBA /* Project object */ = {
			isa = PBXProject;
			attributes = {
				BuildIndependentTargetsInParallel = 1;
				LastSwiftUpdateCheck = 1530;
				LastUpgradeCheck = 1530;
				TargetAttributes = {
					5976B1A82BBF546100DB8CBA = {
						CreatedOnToolsVersion = 15.3;
					};
				};
			};
			buildConfigurationList = 5976B1A42BBF546100DB8CBA /* Build configuration list for PBXProject "MediaFinder" */;
			compatibilityVersion = "Xcode 14.0";
			developmentRegion = en;
			hasScannedForEncodings = 0;
			knownRegions = (
				en,
				Base,
			);
			mainGroup = 5976B1A02BBF546100DB8CBA;
			productRefGroup = 5976B1AA2BBF546100DB8CBA /* Products */;
			projectDirPath = "";
			projectRoot = "";
			targets = (
				5976B1A82BBF546100DB8CBA /* MediaFinder */,
			);
		};
/* End PBXProject section */

/* Begin PBXResourcesBuildPhase section */
		5976B1A72BBF546100DB8CBA /* Resources */ = {
			isa = PBXResourcesBuildPhase;
			buildActionMask = 2147483647;
			files = (
				5976B1B62BBF546200DB8CBA /* Assets.xcassets in Resources */,
			);
			runOnlyForDeploymentPostprocessing = 0;
		};
/* End PBXResourcesBuildPhase section */

/* Begin PBXSourcesBuildPhase section */
		5976B1A52BBF546100DB8CBA /* Sources */ = {
			isa = PBXSourcesBuildPhase;
			buildActionMask = 2147483647;
			files = (
				5976B1AD2BBF546100DB8CBA /* AppDelegate.swift in Sources */,
				591A086E2BC0032C009B1741 /* MediaModel.swift in Sources */,
				593477102BC05BF1004BE3AF /* NetworkRequest.swift in Sources */,
				5934770E2BC05BBF004BE3AF /* NetworkClient.swift in Sources */,
				5949D0AA2BC1AE9A00A860C8 /* NetworkClientError.swift in Sources */,
				593477132BC08644004BE3AF /* Const.swift in Sources */,
			);
			runOnlyForDeploymentPostprocessing = 0;
		};
/* End PBXSourcesBuildPhase section */

/* Begin XCBuildConfiguration section */
		5976B1BB2BBF546200DB8CBA /* Debug */ = {
			isa = XCBuildConfiguration;
			buildSettings = {
				ALWAYS_SEARCH_USER_PATHS = NO;
				ASSETCATALOG_COMPILER_GENERATE_SWIFT_ASSET_SYMBOL_EXTENSIONS = YES;
				CLANG_ANALYZER_NONNULL = YES;
				CLANG_ANALYZER_NUMBER_OBJECT_CONVERSION = YES_AGGRESSIVE;
				CLANG_CXX_LANGUAGE_STANDARD = "gnu++20";
				CLANG_ENABLE_MODULES = YES;
				CLANG_ENABLE_OBJC_ARC = YES;
				CLANG_ENABLE_OBJC_WEAK = YES;
				CLANG_WARN_BLOCK_CAPTURE_AUTORELEASING = YES;
				CLANG_WARN_BOOL_CONVERSION = YES;
				CLANG_WARN_COMMA = YES;
				CLANG_WARN_CONSTANT_CONVERSION = YES;
				CLANG_WARN_DEPRECATED_OBJC_IMPLEMENTATIONS = YES;
				CLANG_WARN_DIRECT_OBJC_ISA_USAGE = YES_ERROR;
				CLANG_WARN_DOCUMENTATION_COMMENTS = YES;
				CLANG_WARN_EMPTY_BODY = YES;
				CLANG_WARN_ENUM_CONVERSION = YES;
				CLANG_WARN_INFINITE_RECURSION = YES;
				CLANG_WARN_INT_CONVERSION = YES;
				CLANG_WARN_NON_LITERAL_NULL_CONVERSION = YES;
				CLANG_WARN_OBJC_IMPLICIT_RETAIN_SELF = YES;
				CLANG_WARN_OBJC_LITERAL_CONVERSION = YES;
				CLANG_WARN_OBJC_ROOT_CLASS = YES_ERROR;
				CLANG_WARN_QUOTED_INCLUDE_IN_FRAMEWORK_HEADER = YES;
				CLANG_WARN_RANGE_LOOP_ANALYSIS = YES;
				CLANG_WARN_STRICT_PROTOTYPES = YES;
				CLANG_WARN_SUSPICIOUS_MOVE = YES;
				CLANG_WARN_UNGUARDED_AVAILABILITY = YES_AGGRESSIVE;
				CLANG_WARN_UNREACHABLE_CODE = YES;
				CLANG_WARN__DUPLICATE_METHOD_MATCH = YES;
				COPY_PHASE_STRIP = NO;
				DEBUG_INFORMATION_FORMAT = dwarf;
				ENABLE_STRICT_OBJC_MSGSEND = YES;
				ENABLE_TESTABILITY = YES;
				ENABLE_USER_SCRIPT_SANDBOXING = YES;
				GCC_C_LANGUAGE_STANDARD = gnu17;
				GCC_DYNAMIC_NO_PIC = NO;
				GCC_NO_COMMON_BLOCKS = YES;
				GCC_OPTIMIZATION_LEVEL = 0;
				GCC_PREPROCESSOR_DEFINITIONS = (
					"DEBUG=1",
					"$(inherited)",
				);
				GCC_WARN_64_TO_32_BIT_CONVERSION = YES;
				GCC_WARN_ABOUT_RETURN_TYPE = YES_ERROR;
				GCC_WARN_UNDECLARED_SELECTOR = YES;
				GCC_WARN_UNINITIALIZED_AUTOS = YES_AGGRESSIVE;
				GCC_WARN_UNUSED_FUNCTION = YES;
				GCC_WARN_UNUSED_VARIABLE = YES;
				IPHONEOS_DEPLOYMENT_TARGET = 17.4;
				LOCALIZATION_PREFERS_STRING_CATALOGS = YES;
				MTL_ENABLE_DEBUG_INFO = INCLUDE_SOURCE;
				MTL_FAST_MATH = YES;
				ONLY_ACTIVE_ARCH = YES;
				SDKROOT = iphoneos;
				SWIFT_ACTIVE_COMPILATION_CONDITIONS = "DEBUG $(inherited)";
				SWIFT_OPTIMIZATION_LEVEL = "-Onone";
			};
			name = Debug;
		};
		5976B1BC2BBF546200DB8CBA /* Release */ = {
			isa = XCBuildConfiguration;
			buildSettings = {
				ALWAYS_SEARCH_USER_PATHS = NO;
				ASSETCATALOG_COMPILER_GENERATE_SWIFT_ASSET_SYMBOL_EXTENSIONS = YES;
				CLANG_ANALYZER_NONNULL = YES;
				CLANG_ANALYZER_NUMBER_OBJECT_CONVERSION = YES_AGGRESSIVE;
				CLANG_CXX_LANGUAGE_STANDARD = "gnu++20";
				CLANG_ENABLE_MODULES = YES;
				CLANG_ENABLE_OBJC_ARC = YES;
				CLANG_ENABLE_OBJC_WEAK = YES;
				CLANG_WARN_BLOCK_CAPTURE_AUTORELEASING = YES;
				CLANG_WARN_BOOL_CONVERSION = YES;
				CLANG_WARN_COMMA = YES;
				CLANG_WARN_CONSTANT_CONVERSION = YES;
				CLANG_WARN_DEPRECATED_OBJC_IMPLEMENTATIONS = YES;
				CLANG_WARN_DIRECT_OBJC_ISA_USAGE = YES_ERROR;
				CLANG_WARN_DOCUMENTATION_COMMENTS = YES;
				CLANG_WARN_EMPTY_BODY = YES;
				CLANG_WARN_ENUM_CONVERSION = YES;
				CLANG_WARN_INFINITE_RECURSION = YES;
				CLANG_WARN_INT_CONVERSION = YES;
				CLANG_WARN_NON_LITERAL_NULL_CONVERSION = YES;
				CLANG_WARN_OBJC_IMPLICIT_RETAIN_SELF = YES;
				CLANG_WARN_OBJC_LITERAL_CONVERSION = YES;
				CLANG_WARN_OBJC_ROOT_CLASS = YES_ERROR;
				CLANG_WARN_QUOTED_INCLUDE_IN_FRAMEWORK_HEADER = YES;
				CLANG_WARN_RANGE_LOOP_ANALYSIS = YES;
				CLANG_WARN_STRICT_PROTOTYPES = YES;
				CLANG_WARN_SUSPICIOUS_MOVE = YES;
				CLANG_WARN_UNGUARDED_AVAILABILITY = YES_AGGRESSIVE;
				CLANG_WARN_UNREACHABLE_CODE = YES;
				CLANG_WARN__DUPLICATE_METHOD_MATCH = YES;
				COPY_PHASE_STRIP = NO;
				DEBUG_INFORMATION_FORMAT = "dwarf-with-dsym";
				ENABLE_NS_ASSERTIONS = NO;
				ENABLE_STRICT_OBJC_MSGSEND = YES;
				ENABLE_USER_SCRIPT_SANDBOXING = YES;
				GCC_C_LANGUAGE_STANDARD = gnu17;
				GCC_NO_COMMON_BLOCKS = YES;
				GCC_WARN_64_TO_32_BIT_CONVERSION = YES;
				GCC_WARN_ABOUT_RETURN_TYPE = YES_ERROR;
				GCC_WARN_UNDECLARED_SELECTOR = YES;
				GCC_WARN_UNINITIALIZED_AUTOS = YES_AGGRESSIVE;
				GCC_WARN_UNUSED_FUNCTION = YES;
				GCC_WARN_UNUSED_VARIABLE = YES;
				IPHONEOS_DEPLOYMENT_TARGET = 17.4;
				LOCALIZATION_PREFERS_STRING_CATALOGS = YES;
				MTL_ENABLE_DEBUG_INFO = NO;
				MTL_FAST_MATH = YES;
				SDKROOT = iphoneos;
				SWIFT_COMPILATION_MODE = wholemodule;
				VALIDATE_PRODUCT = YES;
			};
			name = Release;
		};
		5976B1BE2BBF546200DB8CBA /* Debug */ = {
			isa = XCBuildConfiguration;
			buildSettings = {
				ASSETCATALOG_COMPILER_APPICON_NAME = AppIcon;
				ASSETCATALOG_COMPILER_GLOBAL_ACCENT_COLOR_NAME = AccentColor;
				CODE_SIGN_STYLE = Automatic;
				CURRENT_PROJECT_VERSION = 1;
				GENERATE_INFOPLIST_FILE = YES;
				INFOPLIST_FILE = MediaFinder/Info.plist;
				INFOPLIST_KEY_UIApplicationSupportsIndirectInputEvents = YES;
				INFOPLIST_KEY_UISupportedInterfaceOrientations = UIInterfaceOrientationPortrait;
				IPHONEOS_DEPLOYMENT_TARGET = 14.0;
				LD_RUNPATH_SEARCH_PATHS = (
					"$(inherited)",
					"@executable_path/Frameworks",
				);
				MARKETING_VERSION = 1.0;
				PRODUCT_BUNDLE_IDENTIFIER = com.pavelbelenkow.MediaFinder;
				PRODUCT_NAME = "$(TARGET_NAME)";
				SUPPORTED_PLATFORMS = "iphoneos iphonesimulator";
				SUPPORTS_MACCATALYST = NO;
				SUPPORTS_MAC_DESIGNED_FOR_IPHONE_IPAD = NO;
				SUPPORTS_XR_DESIGNED_FOR_IPHONE_IPAD = NO;
				SWIFT_EMIT_LOC_STRINGS = YES;
				SWIFT_VERSION = 5.0;
				TARGETED_DEVICE_FAMILY = 1;
			};
			name = Debug;
		};
		5976B1BF2BBF546200DB8CBA /* Release */ = {
			isa = XCBuildConfiguration;
			buildSettings = {
				ASSETCATALOG_COMPILER_APPICON_NAME = AppIcon;
				ASSETCATALOG_COMPILER_GLOBAL_ACCENT_COLOR_NAME = AccentColor;
				CODE_SIGN_STYLE = Automatic;
				CURRENT_PROJECT_VERSION = 1;
				GENERATE_INFOPLIST_FILE = YES;
				INFOPLIST_FILE = MediaFinder/Info.plist;
				INFOPLIST_KEY_UIApplicationSupportsIndirectInputEvents = YES;
				INFOPLIST_KEY_UISupportedInterfaceOrientations = UIInterfaceOrientationPortrait;
				IPHONEOS_DEPLOYMENT_TARGET = 14.0;
				LD_RUNPATH_SEARCH_PATHS = (
					"$(inherited)",
					"@executable_path/Frameworks",
				);
				MARKETING_VERSION = 1.0;
				PRODUCT_BUNDLE_IDENTIFIER = com.pavelbelenkow.MediaFinder;
				PRODUCT_NAME = "$(TARGET_NAME)";
				SUPPORTED_PLATFORMS = "iphoneos iphonesimulator";
				SUPPORTS_MACCATALYST = NO;
				SUPPORTS_MAC_DESIGNED_FOR_IPHONE_IPAD = NO;
				SUPPORTS_XR_DESIGNED_FOR_IPHONE_IPAD = NO;
				SWIFT_EMIT_LOC_STRINGS = YES;
				SWIFT_VERSION = 5.0;
				TARGETED_DEVICE_FAMILY = 1;
			};
			name = Release;
		};
/* End XCBuildConfiguration section */

/* Begin XCConfigurationList section */
		5976B1A42BBF546100DB8CBA /* Build configuration list for PBXProject "MediaFinder" */ = {
			isa = XCConfigurationList;
			buildConfigurations = (
				5976B1BB2BBF546200DB8CBA /* Debug */,
				5976B1BC2BBF546200DB8CBA /* Release */,
			);
			defaultConfigurationIsVisible = 0;
			defaultConfigurationName = Release;
		};
		5976B1BD2BBF546200DB8CBA /* Build configuration list for PBXNativeTarget "MediaFinder" */ = {
			isa = XCConfigurationList;
			buildConfigurations = (
				5976B1BE2BBF546200DB8CBA /* Debug */,
				5976B1BF2BBF546200DB8CBA /* Release */,
			);
			defaultConfigurationIsVisible = 0;
			defaultConfigurationName = Release;
		};
/* End XCConfigurationList section */
	};
	rootObject = 5976B1A12BBF546100DB8CBA /* Project object */;
}
