// !$*UTF8*$!
{
	archiveVersion = 1;
	classes = {
	};
	objectVersion = 56;
	objects = {

/* Begin PBXBuildFile section */
		590D06172BC7EE02002D5688 /* DetailedMediaViewModel.swift in Sources */ = {isa = PBXBuildFile; fileRef = 590D06162BC7EE02002D5688 /* DetailedMediaViewModel.swift */; };
		590D061B2BC7FF5C002D5688 /* ArtistModel.swift in Sources */ = {isa = PBXBuildFile; fileRef = 590D061A2BC7FF5C002D5688 /* ArtistModel.swift */; };
		590D061F2BC80598002D5688 /* ArtistLookupService.swift in Sources */ = {isa = PBXBuildFile; fileRef = 590D061E2BC80598002D5688 /* ArtistLookupService.swift */; };
		590D06212BC8064C002D5688 /* ArtistLookupRequest.swift in Sources */ = {isa = PBXBuildFile; fileRef = 590D06202BC8064C002D5688 /* ArtistLookupRequest.swift */; };
		590D06232BC810F6002D5688 /* DetailedMediaViewController.swift in Sources */ = {isa = PBXBuildFile; fileRef = 590D06222BC810F6002D5688 /* DetailedMediaViewController.swift */; };
		591A086E2BC0032C009B1741 /* MediaModel.swift in Sources */ = {isa = PBXBuildFile; fileRef = 591A086D2BC0032C009B1741 /* MediaModel.swift */; };
		592A15072BC57E3B00322135 /* Int+Extensions.swift in Sources */ = {isa = PBXBuildFile; fileRef = 592A15062BC57E3B00322135 /* Int+Extensions.swift */; };
		592A15092BC57F0E00322135 /* NumberFormatter+Extensions.swift in Sources */ = {isa = PBXBuildFile; fileRef = 592A15082BC57F0E00322135 /* NumberFormatter+Extensions.swift */; };
		592A150B2BC5807400322135 /* GeometricParams.swift in Sources */ = {isa = PBXBuildFile; fileRef = 592A150A2BC5807400322135 /* GeometricParams.swift */; };
		592A150D2BC5816500322135 /* ImageLoader.swift in Sources */ = {isa = PBXBuildFile; fileRef = 592A150C2BC5816500322135 /* ImageLoader.swift */; };
		592A15102BC588B200322135 /* MediaListSearchViewController.swift in Sources */ = {isa = PBXBuildFile; fileRef = 592A150F2BC588B200322135 /* MediaListSearchViewController.swift */; };
		592A15122BC5B80500322135 /* MediaListSearchView.swift in Sources */ = {isa = PBXBuildFile; fileRef = 592A15112BC5B80500322135 /* MediaListSearchView.swift */; };
		592A15152BC5F1C700322135 /* StatefulStackView.swift in Sources */ = {isa = PBXBuildFile; fileRef = 592A15142BC5F1C700322135 /* StatefulStackView.swift */; };
		592A15172BC5F42F00322135 /* MediaTypePageControl.swift in Sources */ = {isa = PBXBuildFile; fileRef = 592A15162BC5F42F00322135 /* MediaTypePageControl.swift */; };
		592A15192BC5F52E00322135 /* MediaListSearchCollectionView.swift in Sources */ = {isa = PBXBuildFile; fileRef = 592A15182BC5F52E00322135 /* MediaListSearchCollectionView.swift */; };
		592A151C2BC5F5DC00322135 /* MediaListSearchCell.swift in Sources */ = {isa = PBXBuildFile; fileRef = 592A151B2BC5F5DC00322135 /* MediaListSearchCell.swift */; };
		592A151F2BC5F7B300322135 /* MediaListRecentSearchTableView.swift in Sources */ = {isa = PBXBuildFile; fileRef = 592A151E2BC5F7B300322135 /* MediaListRecentSearchTableView.swift */; };
		5934770E2BC05BBF004BE3AF /* NetworkClient.swift in Sources */ = {isa = PBXBuildFile; fileRef = 5934770D2BC05BBF004BE3AF /* NetworkClient.swift */; };
		593477102BC05BF1004BE3AF /* NetworkRequest.swift in Sources */ = {isa = PBXBuildFile; fileRef = 5934770F2BC05BF1004BE3AF /* NetworkRequest.swift */; };
		593477132BC08644004BE3AF /* Const.swift in Sources */ = {isa = PBXBuildFile; fileRef = 593477122BC08644004BE3AF /* Const.swift */; };
		5949D0AA2BC1AE9A00A860C8 /* NetworkClientError.swift in Sources */ = {isa = PBXBuildFile; fileRef = 5949D0A92BC1AE9A00A860C8 /* NetworkClientError.swift */; };
		5949D0AD2BC1B58400A860C8 /* MediaListSearchService.swift in Sources */ = {isa = PBXBuildFile; fileRef = 5949D0AC2BC1B58400A860C8 /* MediaListSearchService.swift */; };
		5949D0AF2BC1B63F00A860C8 /* SearchServiceError.swift in Sources */ = {isa = PBXBuildFile; fileRef = 5949D0AE2BC1B63F00A860C8 /* SearchServiceError.swift */; };
		5949D0B12BC1B68700A860C8 /* MediaListMapper.swift in Sources */ = {isa = PBXBuildFile; fileRef = 5949D0B02BC1B68700A860C8 /* MediaListMapper.swift */; };
		5949D0B32BC1B9E700A860C8 /* MediaListSearchRequest.swift in Sources */ = {isa = PBXBuildFile; fileRef = 5949D0B22BC1B9E700A860C8 /* MediaListSearchRequest.swift */; };
		5949D0B52BC1BA4B00A860C8 /* EntityType.swift in Sources */ = {isa = PBXBuildFile; fileRef = 5949D0B42BC1BA4B00A860C8 /* EntityType.swift */; };
		5949D0B82BC1BEDA00A860C8 /* MediaListSearchViewModel.swift in Sources */ = {isa = PBXBuildFile; fileRef = 5949D0B72BC1BEDA00A860C8 /* MediaListSearchViewModel.swift */; };
		595EFE6E2BC95FF500F7E353 /* NSAttributedString+Extensions.swift in Sources */ = {isa = PBXBuildFile; fileRef = 595EFE6D2BC95FF500F7E353 /* NSAttributedString+Extensions.swift */; };
		595EFE702BC9603F00F7E353 /* DetailedMediaView.swift in Sources */ = {isa = PBXBuildFile; fileRef = 595EFE6F2BC9603F00F7E353 /* DetailedMediaView.swift */; };
		595EFE722BC960FE00F7E353 /* CustomLabel.swift in Sources */ = {isa = PBXBuildFile; fileRef = 595EFE712BC960FE00F7E353 /* CustomLabel.swift */; };
		595EFE742BC9612E00F7E353 /* CustomTextView.swift in Sources */ = {isa = PBXBuildFile; fileRef = 595EFE732BC9612E00F7E353 /* CustomTextView.swift */; };
		595EFE762BC9619100F7E353 /* MediaInfoView.swift in Sources */ = {isa = PBXBuildFile; fileRef = 595EFE752BC9619100F7E353 /* MediaInfoView.swift */; };
		595EFE782BC9629900F7E353 /* ArtistInfoView.swift in Sources */ = {isa = PBXBuildFile; fileRef = 595EFE772BC9629900F7E353 /* ArtistInfoView.swift */; };
		595EFE7A2BC9743200F7E353 /* ArtistMapper.swift in Sources */ = {isa = PBXBuildFile; fileRef = 595EFE792BC9743200F7E353 /* ArtistMapper.swift */; };
		5976B1AD2BBF546100DB8CBA /* AppDelegate.swift in Sources */ = {isa = PBXBuildFile; fileRef = 5976B1AC2BBF546100DB8CBA /* AppDelegate.swift */; };
		5976B1B62BBF546200DB8CBA /* Assets.xcassets in Resources */ = {isa = PBXBuildFile; fileRef = 5976B1B52BBF546200DB8CBA /* Assets.xcassets */; };
		59AE8B242BC737F400B2C79C /* SearchHistoryStorage.swift in Sources */ = {isa = PBXBuildFile; fileRef = 59AE8B232BC737F400B2C79C /* SearchHistoryStorage.swift */; };
/* End PBXBuildFile section */

/* Begin PBXFileReference section */
		590D06162BC7EE02002D5688 /* DetailedMediaViewModel.swift */ = {isa = PBXFileReference; lastKnownFileType = sourcecode.swift; path = DetailedMediaViewModel.swift; sourceTree = "<group>"; };
		590D061A2BC7FF5C002D5688 /* ArtistModel.swift */ = {isa = PBXFileReference; lastKnownFileType = sourcecode.swift; path = ArtistModel.swift; sourceTree = "<group>"; };
		590D061E2BC80598002D5688 /* ArtistLookupService.swift */ = {isa = PBXFileReference; lastKnownFileType = sourcecode.swift; path = ArtistLookupService.swift; sourceTree = "<group>"; };
		590D06202BC8064C002D5688 /* ArtistLookupRequest.swift */ = {isa = PBXFileReference; lastKnownFileType = sourcecode.swift; path = ArtistLookupRequest.swift; sourceTree = "<group>"; };
		590D06222BC810F6002D5688 /* DetailedMediaViewController.swift */ = {isa = PBXFileReference; lastKnownFileType = sourcecode.swift; path = DetailedMediaViewController.swift; sourceTree = "<group>"; };
		591A086D2BC0032C009B1741 /* MediaModel.swift */ = {isa = PBXFileReference; lastKnownFileType = sourcecode.swift; path = MediaModel.swift; sourceTree = "<group>"; };
		592A15062BC57E3B00322135 /* Int+Extensions.swift */ = {isa = PBXFileReference; lastKnownFileType = sourcecode.swift; path = "Int+Extensions.swift"; sourceTree = "<group>"; };
		592A15082BC57F0E00322135 /* NumberFormatter+Extensions.swift */ = {isa = PBXFileReference; lastKnownFileType = sourcecode.swift; path = "NumberFormatter+Extensions.swift"; sourceTree = "<group>"; };
		592A150A2BC5807400322135 /* GeometricParams.swift */ = {isa = PBXFileReference; lastKnownFileType = sourcecode.swift; path = GeometricParams.swift; sourceTree = "<group>"; };
		592A150C2BC5816500322135 /* ImageLoader.swift */ = {isa = PBXFileReference; lastKnownFileType = sourcecode.swift; path = ImageLoader.swift; sourceTree = "<group>"; };
		592A150F2BC588B200322135 /* MediaListSearchViewController.swift */ = {isa = PBXFileReference; lastKnownFileType = sourcecode.swift; path = MediaListSearchViewController.swift; sourceTree = "<group>"; };
		592A15112BC5B80500322135 /* MediaListSearchView.swift */ = {isa = PBXFileReference; lastKnownFileType = sourcecode.swift; path = MediaListSearchView.swift; sourceTree = "<group>"; };
		592A15142BC5F1C700322135 /* StatefulStackView.swift */ = {isa = PBXFileReference; lastKnownFileType = sourcecode.swift; path = StatefulStackView.swift; sourceTree = "<group>"; };
		592A15162BC5F42F00322135 /* MediaTypePageControl.swift */ = {isa = PBXFileReference; lastKnownFileType = sourcecode.swift; path = MediaTypePageControl.swift; sourceTree = "<group>"; };
		592A15182BC5F52E00322135 /* MediaListSearchCollectionView.swift */ = {isa = PBXFileReference; lastKnownFileType = sourcecode.swift; path = MediaListSearchCollectionView.swift; sourceTree = "<group>"; };
		592A151B2BC5F5DC00322135 /* MediaListSearchCell.swift */ = {isa = PBXFileReference; lastKnownFileType = sourcecode.swift; path = MediaListSearchCell.swift; sourceTree = "<group>"; };
		592A151E2BC5F7B300322135 /* MediaListRecentSearchTableView.swift */ = {isa = PBXFileReference; lastKnownFileType = sourcecode.swift; path = MediaListRecentSearchTableView.swift; sourceTree = "<group>"; };
		5934770D2BC05BBF004BE3AF /* NetworkClient.swift */ = {isa = PBXFileReference; lastKnownFileType = sourcecode.swift; path = NetworkClient.swift; sourceTree = "<group>"; };
		5934770F2BC05BF1004BE3AF /* NetworkRequest.swift */ = {isa = PBXFileReference; lastKnownFileType = sourcecode.swift; path = NetworkRequest.swift; sourceTree = "<group>"; };
		593477122BC08644004BE3AF /* Const.swift */ = {isa = PBXFileReference; lastKnownFileType = sourcecode.swift; path = Const.swift; sourceTree = "<group>"; };
		5949D0A92BC1AE9A00A860C8 /* NetworkClientError.swift */ = {isa = PBXFileReference; lastKnownFileType = sourcecode.swift; path = NetworkClientError.swift; sourceTree = "<group>"; };
		5949D0AC2BC1B58400A860C8 /* MediaListSearchService.swift */ = {isa = PBXFileReference; lastKnownFileType = sourcecode.swift; path = MediaListSearchService.swift; sourceTree = "<group>"; };
		5949D0AE2BC1B63F00A860C8 /* SearchServiceError.swift */ = {isa = PBXFileReference; lastKnownFileType = sourcecode.swift; path = SearchServiceError.swift; sourceTree = "<group>"; };
		5949D0B02BC1B68700A860C8 /* MediaListMapper.swift */ = {isa = PBXFileReference; lastKnownFileType = sourcecode.swift; path = MediaListMapper.swift; sourceTree = "<group>"; };
		5949D0B22BC1B9E700A860C8 /* MediaListSearchRequest.swift */ = {isa = PBXFileReference; lastKnownFileType = sourcecode.swift; path = MediaListSearchRequest.swift; sourceTree = "<group>"; };
		5949D0B42BC1BA4B00A860C8 /* EntityType.swift */ = {isa = PBXFileReference; lastKnownFileType = sourcecode.swift; path = EntityType.swift; sourceTree = "<group>"; };
		5949D0B72BC1BEDA00A860C8 /* MediaListSearchViewModel.swift */ = {isa = PBXFileReference; lastKnownFileType = sourcecode.swift; path = MediaListSearchViewModel.swift; sourceTree = "<group>"; };
		595EFE6D2BC95FF500F7E353 /* NSAttributedString+Extensions.swift */ = {isa = PBXFileReference; lastKnownFileType = sourcecode.swift; path = "NSAttributedString+Extensions.swift"; sourceTree = "<group>"; };
		595EFE6F2BC9603F00F7E353 /* DetailedMediaView.swift */ = {isa = PBXFileReference; lastKnownFileType = sourcecode.swift; path = DetailedMediaView.swift; sourceTree = "<group>"; };
		595EFE712BC960FE00F7E353 /* CustomLabel.swift */ = {isa = PBXFileReference; lastKnownFileType = sourcecode.swift; path = CustomLabel.swift; sourceTree = "<group>"; };
		595EFE732BC9612E00F7E353 /* CustomTextView.swift */ = {isa = PBXFileReference; lastKnownFileType = sourcecode.swift; path = CustomTextView.swift; sourceTree = "<group>"; };
		595EFE752BC9619100F7E353 /* MediaInfoView.swift */ = {isa = PBXFileReference; lastKnownFileType = sourcecode.swift; path = MediaInfoView.swift; sourceTree = "<group>"; };
		595EFE772BC9629900F7E353 /* ArtistInfoView.swift */ = {isa = PBXFileReference; lastKnownFileType = sourcecode.swift; path = ArtistInfoView.swift; sourceTree = "<group>"; };
		595EFE792BC9743200F7E353 /* ArtistMapper.swift */ = {isa = PBXFileReference; lastKnownFileType = sourcecode.swift; path = ArtistMapper.swift; sourceTree = "<group>"; };
		5976B1A92BBF546100DB8CBA /* MediaFinder.app */ = {isa = PBXFileReference; explicitFileType = wrapper.application; includeInIndex = 0; path = MediaFinder.app; sourceTree = BUILT_PRODUCTS_DIR; };
		5976B1AC2BBF546100DB8CBA /* AppDelegate.swift */ = {isa = PBXFileReference; lastKnownFileType = sourcecode.swift; path = AppDelegate.swift; sourceTree = "<group>"; };
		5976B1B52BBF546200DB8CBA /* Assets.xcassets */ = {isa = PBXFileReference; lastKnownFileType = folder.assetcatalog; path = Assets.xcassets; sourceTree = "<group>"; };
		5976B1BA2BBF546200DB8CBA /* Info.plist */ = {isa = PBXFileReference; lastKnownFileType = text.plist.xml; path = Info.plist; sourceTree = "<group>"; };
		59AE8B232BC737F400B2C79C /* SearchHistoryStorage.swift */ = {isa = PBXFileReference; lastKnownFileType = sourcecode.swift; path = SearchHistoryStorage.swift; sourceTree = "<group>"; };
/* End PBXFileReference section */

/* Begin PBXFrameworksBuildPhase section */
		5976B1A62BBF546100DB8CBA /* Frameworks */ = {
			isa = PBXFrameworksBuildPhase;
			buildActionMask = 2147483647;
			files = (
			);
			runOnlyForDeploymentPostprocessing = 0;
		};
/* End PBXFrameworksBuildPhase section */

/* Begin PBXGroup section */
		590D06142BC7ED57002D5688 /* DetailedMediaScreen */ = {
			isa = PBXGroup;
			children = (
				590D06192BC7FF38002D5688 /* Model */,
				590D06242BC810FE002D5688 /* View */,
				590D06152BC7ED94002D5688 /* ViewModel */,
				590D06182BC7EED6002D5688 /* Service */,
			);
			path = DetailedMediaScreen;
			sourceTree = "<group>";
		};
		590D06152BC7ED94002D5688 /* ViewModel */ = {
			isa = PBXGroup;
			children = (
				590D06162BC7EE02002D5688 /* DetailedMediaViewModel.swift */,
			);
			path = ViewModel;
			sourceTree = "<group>";
		};
		590D06182BC7EED6002D5688 /* Service */ = {
			isa = PBXGroup;
			children = (
				590D061E2BC80598002D5688 /* ArtistLookupService.swift */,
				590D06202BC8064C002D5688 /* ArtistLookupRequest.swift */,
				595EFE792BC9743200F7E353 /* ArtistMapper.swift */,
			);
			path = Service;
			sourceTree = "<group>";
		};
		590D06192BC7FF38002D5688 /* Model */ = {
			isa = PBXGroup;
			children = (
				590D061A2BC7FF5C002D5688 /* ArtistModel.swift */,
			);
			path = Model;
			sourceTree = "<group>";
		};
		590D06242BC810FE002D5688 /* View */ = {
			isa = PBXGroup;
			children = (
				590D06222BC810F6002D5688 /* DetailedMediaViewController.swift */,
				595EFE6F2BC9603F00F7E353 /* DetailedMediaView.swift */,
			);
			path = View;
			sourceTree = "<group>";
		};
		591A086C2BC00314009B1741 /* Model */ = {
			isa = PBXGroup;
			children = (
				591A086D2BC0032C009B1741 /* MediaModel.swift */,
				5949D0B42BC1BA4B00A860C8 /* EntityType.swift */,
			);
			path = Model;
			sourceTree = "<group>";
		};
		592A150E2BC5887800322135 /* View */ = {
			isa = PBXGroup;
			children = (
				592A150F2BC588B200322135 /* MediaListSearchViewController.swift */,
				592A15112BC5B80500322135 /* MediaListSearchView.swift */,
			);
			path = View;
			sourceTree = "<group>";
		};
		592A15132BC5F15400322135 /* UIComponents */ = {
			isa = PBXGroup;
			children = (
				592A151A2BC5F5AF00322135 /* CollectionView */,
				592A151D2BC5F79800322135 /* TableView */,
				592A15162BC5F42F00322135 /* MediaTypePageControl.swift */,
				592A15142BC5F1C700322135 /* StatefulStackView.swift */,
				595EFE712BC960FE00F7E353 /* CustomLabel.swift */,
				595EFE732BC9612E00F7E353 /* CustomTextView.swift */,
				595EFE752BC9619100F7E353 /* MediaInfoView.swift */,
				595EFE772BC9629900F7E353 /* ArtistInfoView.swift */,
			);
			path = UIComponents;
			sourceTree = "<group>";
		};
		592A151A2BC5F5AF00322135 /* CollectionView */ = {
			isa = PBXGroup;
			children = (
				592A15182BC5F52E00322135 /* MediaListSearchCollectionView.swift */,
				592A151B2BC5F5DC00322135 /* MediaListSearchCell.swift */,
			);
			path = CollectionView;
			sourceTree = "<group>";
		};
		592A151D2BC5F79800322135 /* TableView */ = {
			isa = PBXGroup;
			children = (
				592A151E2BC5F7B300322135 /* MediaListRecentSearchTableView.swift */,
			);
			path = TableView;
			sourceTree = "<group>";
		};
		5934770C2BC05BB1004BE3AF /* NetworkClient */ = {
			isa = PBXGroup;
			children = (
				5934770D2BC05BBF004BE3AF /* NetworkClient.swift */,
				5934770F2BC05BF1004BE3AF /* NetworkRequest.swift */,
				5949D0A92BC1AE9A00A860C8 /* NetworkClientError.swift */,
			);
			path = NetworkClient;
			sourceTree = "<group>";
		};
		593477112BC08636004BE3AF /* Helpers */ = {
			isa = PBXGroup;
			children = (
				592A15132BC5F15400322135 /* UIComponents */,
				593477122BC08644004BE3AF /* Const.swift */,
				592A150A2BC5807400322135 /* GeometricParams.swift */,
				592A150C2BC5816500322135 /* ImageLoader.swift */,
				592A15062BC57E3B00322135 /* Int+Extensions.swift */,
				592A15082BC57F0E00322135 /* NumberFormatter+Extensions.swift */,
				595EFE6D2BC95FF500F7E353 /* NSAttributedString+Extensions.swift */,
			);
			path = Helpers;
			sourceTree = "<group>";
		};
		593477152BC086F9004BE3AF /* SearchScreen */ = {
			isa = PBXGroup;
			children = (
				591A086C2BC00314009B1741 /* Model */,
				592A150E2BC5887800322135 /* View */,
				5949D0B62BC1BEC300A860C8 /* ViewModel */,
				5949D0AB2BC1B56A00A860C8 /* Service */,
			);
			path = SearchScreen;
			sourceTree = "<group>";
		};
		5949D0AB2BC1B56A00A860C8 /* Service */ = {
			isa = PBXGroup;
			children = (
				5949D0AC2BC1B58400A860C8 /* MediaListSearchService.swift */,
				5949D0B22BC1B9E700A860C8 /* MediaListSearchRequest.swift */,
				5949D0B02BC1B68700A860C8 /* MediaListMapper.swift */,
				5949D0AE2BC1B63F00A860C8 /* SearchServiceError.swift */,
			);
			path = Service;
			sourceTree = "<group>";
		};
		5949D0B62BC1BEC300A860C8 /* ViewModel */ = {
			isa = PBXGroup;
			children = (
				5949D0B72BC1BEDA00A860C8 /* MediaListSearchViewModel.swift */,
			);
			path = ViewModel;
			sourceTree = "<group>";
		};
		5976B1A02BBF546100DB8CBA = {
			isa = PBXGroup;
			children = (
				5976B1AB2BBF546100DB8CBA /* MediaFinder */,
				5976B1AA2BBF546100DB8CBA /* Products */,
			);
			sourceTree = "<group>";
		};
		5976B1AA2BBF546100DB8CBA /* Products */ = {
			isa = PBXGroup;
			children = (
				5976B1A92BBF546100DB8CBA /* MediaFinder.app */,
			);
			name = Products;
			sourceTree = "<group>";
		};
		5976B1AB2BBF546100DB8CBA /* MediaFinder */ = {
			isa = PBXGroup;
			children = (
				5976B1AC2BBF546100DB8CBA /* AppDelegate.swift */,
				593477152BC086F9004BE3AF /* SearchScreen */,
				590D06142BC7ED57002D5688 /* DetailedMediaScreen */,
				5934770C2BC05BB1004BE3AF /* NetworkClient */,
				59AE8B222BC737DA00B2C79C /* Storage */,
				593477112BC08636004BE3AF /* Helpers */,
				5976B1B52BBF546200DB8CBA /* Assets.xcassets */,
				5976B1BA2BBF546200DB8CBA /* Info.plist */,
			);
			path = MediaFinder;
			sourceTree = "<group>";
		};
		59AE8B222BC737DA00B2C79C /* Storage */ = {
			isa = PBXGroup;
			children = (
				59AE8B232BC737F400B2C79C /* SearchHistoryStorage.swift */,
			);
			path = Storage;
			sourceTree = "<group>";
		};
/* End PBXGroup section */

/* Begin PBXNativeTarget section */
		5976B1A82BBF546100DB8CBA /* MediaFinder */ = {
			isa = PBXNativeTarget;
			buildConfigurationList = 5976B1BD2BBF546200DB8CBA /* Build configuration list for PBXNativeTarget "MediaFinder" */;
			buildPhases = (
				5976B1A52BBF546100DB8CBA /* Sources */,
				5976B1A62BBF546100DB8CBA /* Frameworks */,
				5976B1A72BBF546100DB8CBA /* Resources */,
			);
			buildRules = (
			);
			dependencies = (
			);
			name = MediaFinder;
			productName = MediaFinder;
			productReference = 5976B1A92BBF546100DB8CBA /* MediaFinder.app */;
			productType = "com.apple.product-type.application";
		};
/* End PBXNativeTarget section */

/* Begin PBXProject section */
		5976B1A12BBF546100DB8CBA /* Project object */ = {
			isa = PBXProject;
			attributes = {
				BuildIndependentTargetsInParallel = 1;
				LastSwiftUpdateCheck = 1530;
				LastUpgradeCheck = 1530;
				TargetAttributes = {
					5976B1A82BBF546100DB8CBA = {
						CreatedOnToolsVersion = 15.3;
					};
				};
			};
			buildConfigurationList = 5976B1A42BBF546100DB8CBA /* Build configuration list for PBXProject "MediaFinder" */;
			compatibilityVersion = "Xcode 14.0";
			developmentRegion = en;
			hasScannedForEncodings = 0;
			knownRegions = (
				en,
				Base,
			);
			mainGroup = 5976B1A02BBF546100DB8CBA;
			productRefGroup = 5976B1AA2BBF546100DB8CBA /* Products */;
			projectDirPath = "";
			projectRoot = "";
			targets = (
				5976B1A82BBF546100DB8CBA /* MediaFinder */,
			);
		};
/* End PBXProject section */

/* Begin PBXResourcesBuildPhase section */
		5976B1A72BBF546100DB8CBA /* Resources */ = {
			isa = PBXResourcesBuildPhase;
			buildActionMask = 2147483647;
			files = (
				5976B1B62BBF546200DB8CBA /* Assets.xcassets in Resources */,
			);
			runOnlyForDeploymentPostprocessing = 0;
		};
/* End PBXResourcesBuildPhase section */

/* Begin PBXSourcesBuildPhase section */
		5976B1A52BBF546100DB8CBA /* Sources */ = {
			isa = PBXSourcesBuildPhase;
			buildActionMask = 2147483647;
			files = (
				5949D0AD2BC1B58400A860C8 /* MediaListSearchService.swift in Sources */,
				590D06172BC7EE02002D5688 /* DetailedMediaViewModel.swift in Sources */,
				5949D0B52BC1BA4B00A860C8 /* EntityType.swift in Sources */,
				592A15092BC57F0E00322135 /* NumberFormatter+Extensions.swift in Sources */,
				5976B1AD2BBF546100DB8CBA /* AppDelegate.swift in Sources */,
				595EFE742BC9612E00F7E353 /* CustomTextView.swift in Sources */,
				592A151F2BC5F7B300322135 /* MediaListRecentSearchTableView.swift in Sources */,
				591A086E2BC0032C009B1741 /* MediaModel.swift in Sources */,
				595EFE722BC960FE00F7E353 /* CustomLabel.swift in Sources */,
				595EFE7A2BC9743200F7E353 /* ArtistMapper.swift in Sources */,
				592A15172BC5F42F00322135 /* MediaTypePageControl.swift in Sources */,
				592A15192BC5F52E00322135 /* MediaListSearchCollectionView.swift in Sources */,
				5949D0AF2BC1B63F00A860C8 /* SearchServiceError.swift in Sources */,
				595EFE702BC9603F00F7E353 /* DetailedMediaView.swift in Sources */,
				592A150D2BC5816500322135 /* ImageLoader.swift in Sources */,
				59AE8B242BC737F400B2C79C /* SearchHistoryStorage.swift in Sources */,
				592A15122BC5B80500322135 /* MediaListSearchView.swift in Sources */,
				595EFE6E2BC95FF500F7E353 /* NSAttributedString+Extensions.swift in Sources */,
				595EFE762BC9619100F7E353 /* MediaInfoView.swift in Sources */,
				592A15072BC57E3B00322135 /* Int+Extensions.swift in Sources */,
				5949D0B82BC1BEDA00A860C8 /* MediaListSearchViewModel.swift in Sources */,
				593477102BC05BF1004BE3AF /* NetworkRequest.swift in Sources */,
				5934770E2BC05BBF004BE3AF /* NetworkClient.swift in Sources */,
				590D061F2BC80598002D5688 /* ArtistLookupService.swift in Sources */,
				592A15102BC588B200322135 /* MediaListSearchViewController.swift in Sources */,
				592A15152BC5F1C700322135 /* StatefulStackView.swift in Sources */,
				5949D0B12BC1B68700A860C8 /* MediaListMapper.swift in Sources */,
				590D061B2BC7FF5C002D5688 /* ArtistModel.swift in Sources */,
				595EFE782BC9629900F7E353 /* ArtistInfoView.swift in Sources */,
				590D06212BC8064C002D5688 /* ArtistLookupRequest.swift in Sources */,
				5949D0AA2BC1AE9A00A860C8 /* NetworkClientError.swift in Sources */,
				592A150B2BC5807400322135 /* GeometricParams.swift in Sources */,
				5949D0B32BC1B9E700A860C8 /* MediaListSearchRequest.swift in Sources */,
				592A151C2BC5F5DC00322135 /* MediaListSearchCell.swift in Sources */,
				593477132BC08644004BE3AF /* Const.swift in Sources */,
				590D06232BC810F6002D5688 /* DetailedMediaViewController.swift in Sources */,
			);
			runOnlyForDeploymentPostprocessing = 0;
		};
/* End PBXSourcesBuildPhase section */

/* Begin XCBuildConfiguration section */
		5976B1BB2BBF546200DB8CBA /* Debug */ = {
			isa = XCBuildConfiguration;
			buildSettings = {
				ALWAYS_SEARCH_USER_PATHS = NO;
				ASSETCATALOG_COMPILER_GENERATE_SWIFT_ASSET_SYMBOL_EXTENSIONS = YES;
				CLANG_ANALYZER_NONNULL = YES;
				CLANG_ANALYZER_NUMBER_OBJECT_CONVERSION = YES_AGGRESSIVE;
				CLANG_CXX_LANGUAGE_STANDARD = "gnu++20";
				CLANG_ENABLE_MODULES = YES;
				CLANG_ENABLE_OBJC_ARC = YES;
				CLANG_ENABLE_OBJC_WEAK = YES;
				CLANG_WARN_BLOCK_CAPTURE_AUTORELEASING = YES;
				CLANG_WARN_BOOL_CONVERSION = YES;
				CLANG_WARN_COMMA = YES;
				CLANG_WARN_CONSTANT_CONVERSION = YES;
				CLANG_WARN_DEPRECATED_OBJC_IMPLEMENTATIONS = YES;
				CLANG_WARN_DIRECT_OBJC_ISA_USAGE = YES_ERROR;
				CLANG_WARN_DOCUMENTATION_COMMENTS = YES;
				CLANG_WARN_EMPTY_BODY = YES;
				CLANG_WARN_ENUM_CONVERSION = YES;
				CLANG_WARN_INFINITE_RECURSION = YES;
				CLANG_WARN_INT_CONVERSION = YES;
				CLANG_WARN_NON_LITERAL_NULL_CONVERSION = YES;
				CLANG_WARN_OBJC_IMPLICIT_RETAIN_SELF = YES;
				CLANG_WARN_OBJC_LITERAL_CONVERSION = YES;
				CLANG_WARN_OBJC_ROOT_CLASS = YES_ERROR;
				CLANG_WARN_QUOTED_INCLUDE_IN_FRAMEWORK_HEADER = YES;
				CLANG_WARN_RANGE_LOOP_ANALYSIS = YES;
				CLANG_WARN_STRICT_PROTOTYPES = YES;
				CLANG_WARN_SUSPICIOUS_MOVE = YES;
				CLANG_WARN_UNGUARDED_AVAILABILITY = YES_AGGRESSIVE;
				CLANG_WARN_UNREACHABLE_CODE = YES;
				CLANG_WARN__DUPLICATE_METHOD_MATCH = YES;
				COPY_PHASE_STRIP = NO;
				DEBUG_INFORMATION_FORMAT = dwarf;
				ENABLE_STRICT_OBJC_MSGSEND = YES;
				ENABLE_TESTABILITY = YES;
				ENABLE_USER_SCRIPT_SANDBOXING = YES;
				GCC_C_LANGUAGE_STANDARD = gnu17;
				GCC_DYNAMIC_NO_PIC = NO;
				GCC_NO_COMMON_BLOCKS = YES;
				GCC_OPTIMIZATION_LEVEL = 0;
				GCC_PREPROCESSOR_DEFINITIONS = (
					"DEBUG=1",
					"$(inherited)",
				);
				GCC_WARN_64_TO_32_BIT_CONVERSION = YES;
				GCC_WARN_ABOUT_RETURN_TYPE = YES_ERROR;
				GCC_WARN_UNDECLARED_SELECTOR = YES;
				GCC_WARN_UNINITIALIZED_AUTOS = YES_AGGRESSIVE;
				GCC_WARN_UNUSED_FUNCTION = YES;
				GCC_WARN_UNUSED_VARIABLE = YES;
				IPHONEOS_DEPLOYMENT_TARGET = 17.4;
				LOCALIZATION_PREFERS_STRING_CATALOGS = YES;
				MTL_ENABLE_DEBUG_INFO = INCLUDE_SOURCE;
				MTL_FAST_MATH = YES;
				ONLY_ACTIVE_ARCH = YES;
				SDKROOT = iphoneos;
				SWIFT_ACTIVE_COMPILATION_CONDITIONS = "DEBUG $(inherited)";
				SWIFT_OPTIMIZATION_LEVEL = "-Onone";
			};
			name = Debug;
		};
		5976B1BC2BBF546200DB8CBA /* Release */ = {
			isa = XCBuildConfiguration;
			buildSettings = {
				ALWAYS_SEARCH_USER_PATHS = NO;
				ASSETCATALOG_COMPILER_GENERATE_SWIFT_ASSET_SYMBOL_EXTENSIONS = YES;
				CLANG_ANALYZER_NONNULL = YES;
				CLANG_ANALYZER_NUMBER_OBJECT_CONVERSION = YES_AGGRESSIVE;
				CLANG_CXX_LANGUAGE_STANDARD = "gnu++20";
				CLANG_ENABLE_MODULES = YES;
				CLANG_ENABLE_OBJC_ARC = YES;
				CLANG_ENABLE_OBJC_WEAK = YES;
				CLANG_WARN_BLOCK_CAPTURE_AUTORELEASING = YES;
				CLANG_WARN_BOOL_CONVERSION = YES;
				CLANG_WARN_COMMA = YES;
				CLANG_WARN_CONSTANT_CONVERSION = YES;
				CLANG_WARN_DEPRECATED_OBJC_IMPLEMENTATIONS = YES;
				CLANG_WARN_DIRECT_OBJC_ISA_USAGE = YES_ERROR;
				CLANG_WARN_DOCUMENTATION_COMMENTS = YES;
				CLANG_WARN_EMPTY_BODY = YES;
				CLANG_WARN_ENUM_CONVERSION = YES;
				CLANG_WARN_INFINITE_RECURSION = YES;
				CLANG_WARN_INT_CONVERSION = YES;
				CLANG_WARN_NON_LITERAL_NULL_CONVERSION = YES;
				CLANG_WARN_OBJC_IMPLICIT_RETAIN_SELF = YES;
				CLANG_WARN_OBJC_LITERAL_CONVERSION = YES;
				CLANG_WARN_OBJC_ROOT_CLASS = YES_ERROR;
				CLANG_WARN_QUOTED_INCLUDE_IN_FRAMEWORK_HEADER = YES;
				CLANG_WARN_RANGE_LOOP_ANALYSIS = YES;
				CLANG_WARN_STRICT_PROTOTYPES = YES;
				CLANG_WARN_SUSPICIOUS_MOVE = YES;
				CLANG_WARN_UNGUARDED_AVAILABILITY = YES_AGGRESSIVE;
				CLANG_WARN_UNREACHABLE_CODE = YES;
				CLANG_WARN__DUPLICATE_METHOD_MATCH = YES;
				COPY_PHASE_STRIP = NO;
				DEBUG_INFORMATION_FORMAT = "dwarf-with-dsym";
				ENABLE_NS_ASSERTIONS = NO;
				ENABLE_STRICT_OBJC_MSGSEND = YES;
				ENABLE_USER_SCRIPT_SANDBOXING = YES;
				GCC_C_LANGUAGE_STANDARD = gnu17;
				GCC_NO_COMMON_BLOCKS = YES;
				GCC_WARN_64_TO_32_BIT_CONVERSION = YES;
				GCC_WARN_ABOUT_RETURN_TYPE = YES_ERROR;
				GCC_WARN_UNDECLARED_SELECTOR = YES;
				GCC_WARN_UNINITIALIZED_AUTOS = YES_AGGRESSIVE;
				GCC_WARN_UNUSED_FUNCTION = YES;
				GCC_WARN_UNUSED_VARIABLE = YES;
				IPHONEOS_DEPLOYMENT_TARGET = 17.4;
				LOCALIZATION_PREFERS_STRING_CATALOGS = YES;
				MTL_ENABLE_DEBUG_INFO = NO;
				MTL_FAST_MATH = YES;
				SDKROOT = iphoneos;
				SWIFT_COMPILATION_MODE = wholemodule;
				VALIDATE_PRODUCT = YES;
			};
			name = Release;
		};
		5976B1BE2BBF546200DB8CBA /* Debug */ = {
			isa = XCBuildConfiguration;
			buildSettings = {
				ASSETCATALOG_COMPILER_APPICON_NAME = AppIcon;
				ASSETCATALOG_COMPILER_GLOBAL_ACCENT_COLOR_NAME = AccentColor;
				CODE_SIGN_STYLE = Automatic;
				CURRENT_PROJECT_VERSION = 1;
				GENERATE_INFOPLIST_FILE = YES;
				INFOPLIST_FILE = MediaFinder/Info.plist;
				INFOPLIST_KEY_UIApplicationSupportsIndirectInputEvents = YES;
				INFOPLIST_KEY_UISupportedInterfaceOrientations = UIInterfaceOrientationPortrait;
				IPHONEOS_DEPLOYMENT_TARGET = 14.0;
				LD_RUNPATH_SEARCH_PATHS = (
					"$(inherited)",
					"@executable_path/Frameworks",
				);
				MARKETING_VERSION = 1.0;
				PRODUCT_BUNDLE_IDENTIFIER = com.pavelbelenkow.MediaFinder;
				PRODUCT_NAME = "$(TARGET_NAME)";
				SUPPORTED_PLATFORMS = "iphoneos iphonesimulator";
				SUPPORTS_MACCATALYST = NO;
				SUPPORTS_MAC_DESIGNED_FOR_IPHONE_IPAD = NO;
				SUPPORTS_XR_DESIGNED_FOR_IPHONE_IPAD = NO;
				SWIFT_EMIT_LOC_STRINGS = YES;
				SWIFT_VERSION = 5.0;
				TARGETED_DEVICE_FAMILY = 1;
			};
			name = Debug;
		};
		5976B1BF2BBF546200DB8CBA /* Release */ = {
			isa = XCBuildConfiguration;
			buildSettings = {
				ASSETCATALOG_COMPILER_APPICON_NAME = AppIcon;
				ASSETCATALOG_COMPILER_GLOBAL_ACCENT_COLOR_NAME = AccentColor;
				CODE_SIGN_STYLE = Automatic;
				CURRENT_PROJECT_VERSION = 1;
				GENERATE_INFOPLIST_FILE = YES;
				INFOPLIST_FILE = MediaFinder/Info.plist;
				INFOPLIST_KEY_UIApplicationSupportsIndirectInputEvents = YES;
				INFOPLIST_KEY_UISupportedInterfaceOrientations = UIInterfaceOrientationPortrait;
				IPHONEOS_DEPLOYMENT_TARGET = 14.0;
				LD_RUNPATH_SEARCH_PATHS = (
					"$(inherited)",
					"@executable_path/Frameworks",
				);
				MARKETING_VERSION = 1.0;
				PRODUCT_BUNDLE_IDENTIFIER = com.pavelbelenkow.MediaFinder;
				PRODUCT_NAME = "$(TARGET_NAME)";
				SUPPORTED_PLATFORMS = "iphoneos iphonesimulator";
				SUPPORTS_MACCATALYST = NO;
				SUPPORTS_MAC_DESIGNED_FOR_IPHONE_IPAD = NO;
				SUPPORTS_XR_DESIGNED_FOR_IPHONE_IPAD = NO;
				SWIFT_EMIT_LOC_STRINGS = YES;
				SWIFT_VERSION = 5.0;
				TARGETED_DEVICE_FAMILY = 1;
			};
			name = Release;
		};
/* End XCBuildConfiguration section */

/* Begin XCConfigurationList section */
		5976B1A42BBF546100DB8CBA /* Build configuration list for PBXProject "MediaFinder" */ = {
			isa = XCConfigurationList;
			buildConfigurations = (
				5976B1BB2BBF546200DB8CBA /* Debug */,
				5976B1BC2BBF546200DB8CBA /* Release */,
			);
			defaultConfigurationIsVisible = 0;
			defaultConfigurationName = Release;
		};
		5976B1BD2BBF546200DB8CBA /* Build configuration list for PBXNativeTarget "MediaFinder" */ = {
			isa = XCConfigurationList;
			buildConfigurations = (
				5976B1BE2BBF546200DB8CBA /* Debug */,
				5976B1BF2BBF546200DB8CBA /* Release */,
			);
			defaultConfigurationIsVisible = 0;
			defaultConfigurationName = Release;
		};
/* End XCConfigurationList section */
	};
	rootObject = 5976B1A12BBF546100DB8CBA /* Project object */;
}
